
Microsoft Visual Studio Solution File, Format Version 12.00
# Visual Studio Version 17
VisualStudioVersion = 17.11.35208.52
MinimumVisualStudioVersion = 10.0.40219.1
Project("{FAE04EC0-301F-11D3-BF4B-00C04F79EFBC}") = "Resolving", "Resolving.csproj", "{5BCE8DE5-3976-491D-BB58-2F4163A9CF93}"
EndProject
Global
	GlobalSection(SolutionConfigurationPlatforms) = preSolution
		Debug|Any CPU = Debug|Any CPU
		Release|Any CPU = Release|Any CPU
	EndGlobalSection
	GlobalSection(ProjectConfigurationPlatforms) = postSolution
		{5BCE8DE5-3976-491D-BB58-2F4163A9CF93}.Debug|Any CPU.ActiveCfg = Debug|Any CPU
		{5BCE8DE5-3976-491D-BB58-2F4163A9CF93}.Debug|Any CPU.Build.0 = Debug|Any CPU
		{5BCE8DE5-3976-491D-BB58-2F4163A9CF93}.Release|Any CPU.ActiveCfg = Release|Any CPU
		{5BCE8DE5-3976-491D-BB58-2F4163A9CF93}.Release|Any CPU.Build.0 = Release|Any CPU
	EndGlobalSection
	GlobalSection(SolutionProperties) = preSolution
		HideSolutionNode = FALSE
	EndGlobalSection
	GlobalSection(ExtensibilityGlobals) = postSolution
		SolutionGuid = {A447B32A-FE79-4A4F-B1DC-5714AF48A3E3}
	EndGlobalSection
EndGlobal
